
Microsoft Visual Studio Solution File, Format Version 12.00
# Visual Studio Version 17
VisualStudioVersion = 17.8.34322.80
MinimumVisualStudioVersion = 10.0.40219.1
Project("{FAE04EC0-301F-11D3-BF4B-00C04F79EFBC}") = "6. Working with numbers", "6. Working with numbers.csproj", "{FF37322A-EE4C-49BD-903E-76BB670B83C7}"
EndProject
Global
	GlobalSection(SolutionConfigurationPlatforms) = preSolution
		Debug|Any CPU = Debug|Any CPU
		Release|Any CPU = Release|Any CPU
	EndGlobalSection
	GlobalSection(ProjectConfigurationPlatforms) = postSolution
		{FF37322A-EE4C-49BD-903E-76BB670B83C7}.Debug|Any CPU.ActiveCfg = Debug|Any CPU
		{FF37322A-EE4C-49BD-903E-76BB670B83C7}.Debug|Any CPU.Build.0 = Debug|Any CPU
		{FF37322A-EE4C-49BD-903E-76BB670B83C7}.Release|Any CPU.ActiveCfg = Release|Any CPU
		{FF37322A-EE4C-49BD-903E-76BB670B83C7}.Release|Any CPU.Build.0 = Release|Any CPU
	EndGlobalSection
	GlobalSection(SolutionProperties) = preSolution
		HideSolutionNode = FALSE
	EndGlobalSection
	GlobalSection(ExtensibilityGlobals) = postSolution
		SolutionGuid = {08F64A63-D698-477F-9191-6F7D72E25E12}
	EndGlobalSection
EndGlobal
